
Microsoft Visual Studio Solution File, Format Version 12.00
# Visual Studio Version 16
VisualStudioVersion = 16.0.30114.105
MinimumVisualStudioVersion = 10.0.40219.1
Project("{8BC9CEB8-8B4A-11D0-8D11-00A0C91BC942}") = "Nikitina_10", "Nikitina_10\Nikitina_10.vcxproj", "{DBB3FB47-9AA3-4C88-B5FA-CFB9A38C03B5}"
EndProject
Global
	GlobalSection(SolutionConfigurationPlatforms) = preSolution
		Debug|x64 = Debug|x64
		Debug|x86 = Debug|x86
		Release|x64 = Release|x64
		Release|x86 = Release|x86
	EndGlobalSection
	GlobalSection(ProjectConfigurationPlatforms) = postSolution
		{DBB3FB47-9AA3-4C88-B5FA-CFB9A38C03B5}.Debug|x64.ActiveCfg = Debug|x64
		{DBB3FB47-9AA3-4C88-B5FA-CFB9A38C03B5}.Debug|x64.Build.0 = Debug|x64
		{DBB3FB47-9AA3-4C88-B5FA-CFB9A38C03B5}.Debug|x86.ActiveCfg = Debug|Win32
		{DBB3FB47-9AA3-4C88-B5FA-CFB9A38C03B5}.Debug|x86.Build.0 = Debug|Win32
		{DBB3FB47-9AA3-4C88-B5FA-CFB9A38C03B5}.Release|x64.ActiveCfg = Release|x64
		{DBB3FB47-9AA3-4C88-B5FA-CFB9A38C03B5}.Release|x64.Build.0 = Release|x64
		{DBB3FB47-9AA3-4C88-B5FA-CFB9A38C03B5}.Release|x86.ActiveCfg = Release|Win32
		{DBB3FB47-9AA3-4C88-B5FA-CFB9A38C03B5}.Release|x86.Build.0 = Release|Win32
	EndGlobalSection
	GlobalSection(SolutionProperties) = preSolution
		HideSolutionNode = FALSE
	EndGlobalSection
	GlobalSection(ExtensibilityGlobals) = postSolution
		SolutionGuid = {0787B3E1-1B6A-4BE2-9978-8A8255BD655B}
	EndGlobalSection
EndGlobal
